
Microsoft Visual Studio Solution File, Format Version 12.00
# Visual Studio Version 17
VisualStudioVersion = 17.14.36518.9 d17.14
MinimumVisualStudioVersion = 10.0.40219.1
Project("{8BC9CEB8-8B4A-11D0-8D11-00A0C91BC942}") = "Week1", "Week1\Week1.vcxproj", "{5EE93950-D6E7-9D2B-475D-6CFA0E9B0210}"
EndProject
Project("{8BC9CEB8-8B4A-11D0-8D11-00A0C91BC942}") = "Week2", "Week2\Week2.vcxproj", "{C87E3086-B245-E1D3-A0FB-13F707902C15}"
EndProject
Project("{8BC9CEB8-8B4A-11D0-8D11-00A0C91BC942}") = "SharedSystems", "SharedSystems\SharedSystems.vcxitems", "{264D5CC0-798F-474F-B58D-64C993A3F113}"
EndProject
Global
	GlobalSection(SolutionConfigurationPlatforms) = preSolution
		Debug|x64 = Debug|x64
		Debug|x86 = Debug|x86
		Release|x64 = Release|x64
		Release|x86 = Release|x86
	EndGlobalSection
	GlobalSection(ProjectConfigurationPlatforms) = postSolution
		{5EE93950-D6E7-9D2B-475D-6CFA0E9B0210}.Debug|x64.ActiveCfg = Debug|x64
		{5EE93950-D6E7-9D2B-475D-6CFA0E9B0210}.Debug|x64.Build.0 = Debug|x64
		{5EE93950-D6E7-9D2B-475D-6CFA0E9B0210}.Debug|x86.ActiveCfg = Debug|Win32
		{5EE93950-D6E7-9D2B-475D-6CFA0E9B0210}.Debug|x86.Build.0 = Debug|Win32
		{5EE93950-D6E7-9D2B-475D-6CFA0E9B0210}.Release|x64.ActiveCfg = Release|x64
		{5EE93950-D6E7-9D2B-475D-6CFA0E9B0210}.Release|x64.Build.0 = Release|x64
		{5EE93950-D6E7-9D2B-475D-6CFA0E9B0210}.Release|x86.ActiveCfg = Release|Win32
		{5EE93950-D6E7-9D2B-475D-6CFA0E9B0210}.Release|x86.Build.0 = Release|Win32
		{C87E3086-B245-E1D3-A0FB-13F707902C15}.Debug|x64.ActiveCfg = Debug|x64
		{C87E3086-B245-E1D3-A0FB-13F707902C15}.Debug|x64.Build.0 = Debug|x64
		{C87E3086-B245-E1D3-A0FB-13F707902C15}.Debug|x86.ActiveCfg = Debug|Win32
		{C87E3086-B245-E1D3-A0FB-13F707902C15}.Debug|x86.Build.0 = Debug|Win32
		{C87E3086-B245-E1D3-A0FB-13F707902C15}.Release|x64.ActiveCfg = Release|x64
		{C87E3086-B245-E1D3-A0FB-13F707902C15}.Release|x64.Build.0 = Release|x64
		{C87E3086-B245-E1D3-A0FB-13F707902C15}.Release|x86.ActiveCfg = Release|Win32
		{C87E3086-B245-E1D3-A0FB-13F707902C15}.Release|x86.Build.0 = Release|Win32
	EndGlobalSection
	GlobalSection(SolutionProperties) = preSolution
		HideSolutionNode = FALSE
	EndGlobalSection
	GlobalSection(ExtensibilityGlobals) = postSolution
		SolutionGuid = {443D2955-CB9E-4EBE-9563-30310B470B74}
	EndGlobalSection
	GlobalSection(SharedMSBuildProjectFiles) = preSolution
		SharedSystems\SharedSystems.vcxitems*{264d5cc0-798f-474f-b58d-64c993a3f113}*SharedItemsImports = 9
		SharedSystems\SharedSystems.vcxitems*{5ee93950-d6e7-9d2b-475d-6cfa0e9b0210}*SharedItemsImports = 4
		SharedSystems\SharedSystems.vcxitems*{c87e3086-b245-e1d3-a0fb-13f707902c15}*SharedItemsImports = 4
	EndGlobalSection
EndGlobal
