
Microsoft Visual Studio Solution File, Format Version 12.00
# Visual Studio Version 17
VisualStudioVersion = 17.14.36414.22
MinimumVisualStudioVersion = 10.0.40219.1
Project("{8BC9CEB8-8B4A-11D0-8D11-00A0C91BC942}") = "Week2", "Week2\Week2.vcxproj", "{030A3ACE-70D6-4FAF-8217-A36CF81D1758}"
EndProject
Project("{8BC9CEB8-8B4A-11D0-8D11-00A0C91BC942}") = "Week3-Part2", "Week3-Part2\Week3-Part2.vcxproj", "{2E6A8C2D-049B-4DA9-8B87-A365ADE675C6}"
EndProject
Project("{8BC9CEB8-8B4A-11D0-8D11-00A0C91BC942}") = "Week3-Part1", "Week3-Part1\Week3-Part1.vcxproj", "{ED80AC12-8A22-4B66-A832-77D7171769B3}"
EndProject
Project("{8BC9CEB8-8B4A-11D0-8D11-00A0C91BC942}") = "Week6-Part1", "Week6-Part1\Week6-Part1.vcxproj", "{BB869C5E-4995-422F-BC4F-752B0EF1FFCC}"
EndProject
Project("{8BC9CEB8-8B4A-11D0-8D11-00A0C91BC942}") = "Week6-Part2", "Week6-Part2\Week6-Part2.vcxproj", "{40B0D331-B602-4B67-A44C-D60A49536C4D}"
EndProject
Project("{8BC9CEB8-8B4A-11D0-8D11-00A0C91BC942}") = "Week6-Part3", "Week6-Part3\Week6-Part3.vcxproj", "{D2FF829B-4BC1-47AA-81FD-9E906CC6BB3E}"
EndProject
Project("{8BC9CEB8-8B4A-11D0-8D11-00A0C91BC942}") = "Week6-Part4", "Week6-Part4\Week6-Part4.vcxproj", "{32ACF0D9-EAA8-4331-ABA5-8B052D28967F}"
EndProject
Project("{8BC9CEB8-8B4A-11D0-8D11-00A0C91BC942}") = "Week6-Part5", "Week6-Part5\Week6-Part5.vcxproj", "{8E04870A-02D3-4298-B64F-3904D338D15E}"
EndProject
Project("{8BC9CEB8-8B4A-11D0-8D11-00A0C91BC942}") = "Week6-Part6", "Week6-Part6\Week6-Part6.vcxproj", "{9314F53B-3617-417B-80CE-A8D8837D3E1B}"
EndProject
Global
	GlobalSection(SolutionConfigurationPlatforms) = preSolution
		Debug|x64 = Debug|x64
		Debug|x86 = Debug|x86
		Release|x64 = Release|x64
		Release|x86 = Release|x86
	EndGlobalSection
	GlobalSection(ProjectConfigurationPlatforms) = postSolution
		{030A3ACE-70D6-4FAF-8217-A36CF81D1758}.Debug|x64.ActiveCfg = Debug|x64
		{030A3ACE-70D6-4FAF-8217-A36CF81D1758}.Debug|x64.Build.0 = Debug|x64
		{030A3ACE-70D6-4FAF-8217-A36CF81D1758}.Debug|x86.ActiveCfg = Debug|Win32
		{030A3ACE-70D6-4FAF-8217-A36CF81D1758}.Debug|x86.Build.0 = Debug|Win32
		{030A3ACE-70D6-4FAF-8217-A36CF81D1758}.Release|x64.ActiveCfg = Release|x64
		{030A3ACE-70D6-4FAF-8217-A36CF81D1758}.Release|x64.Build.0 = Release|x64
		{030A3ACE-70D6-4FAF-8217-A36CF81D1758}.Release|x86.ActiveCfg = Release|Win32
		{030A3ACE-70D6-4FAF-8217-A36CF81D1758}.Release|x86.Build.0 = Release|Win32
		{2E6A8C2D-049B-4DA9-8B87-A365ADE675C6}.Debug|x64.ActiveCfg = Debug|x64
		{2E6A8C2D-049B-4DA9-8B87-A365ADE675C6}.Debug|x64.Build.0 = Debug|x64
		{2E6A8C2D-049B-4DA9-8B87-A365ADE675C6}.Debug|x86.ActiveCfg = Debug|Win32
		{2E6A8C2D-049B-4DA9-8B87-A365ADE675C6}.Debug|x86.Build.0 = Debug|Win32
		{2E6A8C2D-049B-4DA9-8B87-A365ADE675C6}.Release|x64.ActiveCfg = Release|x64
		{2E6A8C2D-049B-4DA9-8B87-A365ADE675C6}.Release|x64.Build.0 = Release|x64
		{2E6A8C2D-049B-4DA9-8B87-A365ADE675C6}.Release|x86.ActiveCfg = Release|Win32
		{2E6A8C2D-049B-4DA9-8B87-A365ADE675C6}.Release|x86.Build.0 = Release|Win32
		{ED80AC12-8A22-4B66-A832-77D7171769B3}.Debug|x64.ActiveCfg = Debug|x64
		{ED80AC12-8A22-4B66-A832-77D7171769B3}.Debug|x64.Build.0 = Debug|x64
		{ED80AC12-8A22-4B66-A832-77D7171769B3}.Debug|x86.ActiveCfg = Debug|Win32
		{ED80AC12-8A22-4B66-A832-77D7171769B3}.Debug|x86.Build.0 = Debug|Win32
		{ED80AC12-8A22-4B66-A832-77D7171769B3}.Release|x64.ActiveCfg = Release|x64
		{ED80AC12-8A22-4B66-A832-77D7171769B3}.Release|x64.Build.0 = Release|x64
		{ED80AC12-8A22-4B66-A832-77D7171769B3}.Release|x86.ActiveCfg = Release|Win32
		{ED80AC12-8A22-4B66-A832-77D7171769B3}.Release|x86.Build.0 = Release|Win32
		{BB869C5E-4995-422F-BC4F-752B0EF1FFCC}.Debug|x64.ActiveCfg = Debug|x64
		{BB869C5E-4995-422F-BC4F-752B0EF1FFCC}.Debug|x64.Build.0 = Debug|x64
		{BB869C5E-4995-422F-BC4F-752B0EF1FFCC}.Debug|x86.ActiveCfg = Debug|Win32
		{BB869C5E-4995-422F-BC4F-752B0EF1FFCC}.Debug|x86.Build.0 = Debug|Win32
		{BB869C5E-4995-422F-BC4F-752B0EF1FFCC}.Release|x64.ActiveCfg = Release|x64
		{BB869C5E-4995-422F-BC4F-752B0EF1FFCC}.Release|x64.Build.0 = Release|x64
		{BB869C5E-4995-422F-BC4F-752B0EF1FFCC}.Release|x86.ActiveCfg = Release|Win32
		{BB869C5E-4995-422F-BC4F-752B0EF1FFCC}.Release|x86.Build.0 = Release|Win32
		{40B0D331-B602-4B67-A44C-D60A49536C4D}.Debug|x64.ActiveCfg = Debug|x64
		{40B0D331-B602-4B67-A44C-D60A49536C4D}.Debug|x64.Build.0 = Debug|x64
		{40B0D331-B602-4B67-A44C-D60A49536C4D}.Debug|x86.ActiveCfg = Debug|Win32
		{40B0D331-B602-4B67-A44C-D60A49536C4D}.Debug|x86.Build.0 = Debug|Win32
		{40B0D331-B602-4B67-A44C-D60A49536C4D}.Release|x64.ActiveCfg = Release|x64
		{40B0D331-B602-4B67-A44C-D60A49536C4D}.Release|x64.Build.0 = Release|x64
		{40B0D331-B602-4B67-A44C-D60A49536C4D}.Release|x86.ActiveCfg = Release|Win32
		{40B0D331-B602-4B67-A44C-D60A49536C4D}.Release|x86.Build.0 = Release|Win32
		{D2FF829B-4BC1-47AA-81FD-9E906CC6BB3E}.Debug|x64.ActiveCfg = Debug|x64
		{D2FF829B-4BC1-47AA-81FD-9E906CC6BB3E}.Debug|x64.Build.0 = Debug|x64
		{D2FF829B-4BC1-47AA-81FD-9E906CC6BB3E}.Debug|x86.ActiveCfg = Debug|Win32
		{D2FF829B-4BC1-47AA-81FD-9E906CC6BB3E}.Debug|x86.Build.0 = Debug|Win32
		{D2FF829B-4BC1-47AA-81FD-9E906CC6BB3E}.Release|x64.ActiveCfg = Release|x64
		{D2FF829B-4BC1-47AA-81FD-9E906CC6BB3E}.Release|x64.Build.0 = Release|x64
		{D2FF829B-4BC1-47AA-81FD-9E906CC6BB3E}.Release|x86.ActiveCfg = Release|Win32
		{D2FF829B-4BC1-47AA-81FD-9E906CC6BB3E}.Release|x86.Build.0 = Release|Win32
		{32ACF0D9-EAA8-4331-ABA5-8B052D28967F}.Debug|x64.ActiveCfg = Debug|x64
		{32ACF0D9-EAA8-4331-ABA5-8B052D28967F}.Debug|x64.Build.0 = Debug|x64
		{32ACF0D9-EAA8-4331-ABA5-8B052D28967F}.Debug|x86.ActiveCfg = Debug|Win32
		{32ACF0D9-EAA8-4331-ABA5-8B052D28967F}.Debug|x86.Build.0 = Debug|Win32
		{32ACF0D9-EAA8-4331-ABA5-8B052D28967F}.Release|x64.ActiveCfg = Release|x64
		{32ACF0D9-EAA8-4331-ABA5-8B052D28967F}.Release|x64.Build.0 = Release|x64
		{32ACF0D9-EAA8-4331-ABA5-8B052D28967F}.Release|x86.ActiveCfg = Release|Win32
		{32ACF0D9-EAA8-4331-ABA5-8B052D28967F}.Release|x86.Build.0 = Release|Win32
		{8E04870A-02D3-4298-B64F-3904D338D15E}.Debug|x64.ActiveCfg = Debug|x64
		{8E04870A-02D3-4298-B64F-3904D338D15E}.Debug|x64.Build.0 = Debug|x64
		{8E04870A-02D3-4298-B64F-3904D338D15E}.Debug|x86.ActiveCfg = Debug|Win32
		{8E04870A-02D3-4298-B64F-3904D338D15E}.Debug|x86.Build.0 = Debug|Win32
		{8E04870A-02D3-4298-B64F-3904D338D15E}.Release|x64.ActiveCfg = Release|x64
		{8E04870A-02D3-4298-B64F-3904D338D15E}.Release|x64.Build.0 = Release|x64
		{8E04870A-02D3-4298-B64F-3904D338D15E}.Release|x86.ActiveCfg = Release|Win32
		{8E04870A-02D3-4298-B64F-3904D338D15E}.Release|x86.Build.0 = Release|Win32
		{9314F53B-3617-417B-80CE-A8D8837D3E1B}.Debug|x64.ActiveCfg = Debug|x64
		{9314F53B-3617-417B-80CE-A8D8837D3E1B}.Debug|x64.Build.0 = Debug|x64
		{9314F53B-3617-417B-80CE-A8D8837D3E1B}.Debug|x86.ActiveCfg = Debug|Win32
		{9314F53B-3617-417B-80CE-A8D8837D3E1B}.Debug|x86.Build.0 = Debug|Win32
		{9314F53B-3617-417B-80CE-A8D8837D3E1B}.Release|x64.ActiveCfg = Release|x64
		{9314F53B-3617-417B-80CE-A8D8837D3E1B}.Release|x64.Build.0 = Release|x64
		{9314F53B-3617-417B-80CE-A8D8837D3E1B}.Release|x86.ActiveCfg = Release|Win32
		{9314F53B-3617-417B-80CE-A8D8837D3E1B}.Release|x86.Build.0 = Release|Win32
	EndGlobalSection
	GlobalSection(SolutionProperties) = preSolution
		HideSolutionNode = FALSE
	EndGlobalSection
	GlobalSection(ExtensibilityGlobals) = postSolution
		SolutionGuid = {FEBC202A-261A-4AF7-AE43-FA8A3B5D14B0}
	EndGlobalSection
EndGlobal
